
Microsoft Visual Studio Solution File, Format Version 12.00
# Visual Studio 14
VisualStudioVersion = 14.0.24720.0
MinimumVisualStudioVersion = 10.0.40219.1
Project("{FAE04EC0-301F-11D3-BF4B-00C04F79EFBC}") = "CayleyTree", "CayleyTree\CayleyTree.csproj", "{767C95A7-9719-4D55-8DA3-0F21A8AABE26}"
EndProject
Project("{FAE04EC0-301F-11D3-BF4B-00C04F79EFBC}") = "OrderTest", "OrderTest\OrderTest.csproj", "{A15E3E46-6EF5-4809-B4BD-7B4872491B91}"
EndProject
Global
	GlobalSection(SolutionConfigurationPlatforms) = preSolution
		Debug|Any CPU = Debug|Any CPU
		Release|Any CPU = Release|Any CPU
	EndGlobalSection
	GlobalSection(ProjectConfigurationPlatforms) = postSolution
		{767C95A7-9719-4D55-8DA3-0F21A8AABE26}.Debug|Any CPU.ActiveCfg = Debug|Any CPU
		{767C95A7-9719-4D55-8DA3-0F21A8AABE26}.Debug|Any CPU.Build.0 = Debug|Any CPU
		{767C95A7-9719-4D55-8DA3-0F21A8AABE26}.Release|Any CPU.ActiveCfg = Release|Any CPU
		{767C95A7-9719-4D55-8DA3-0F21A8AABE26}.Release|Any CPU.Build.0 = Release|Any CPU
		{A15E3E46-6EF5-4809-B4BD-7B4872491B91}.Debug|Any CPU.ActiveCfg = Debug|Any CPU
		{A15E3E46-6EF5-4809-B4BD-7B4872491B91}.Debug|Any CPU.Build.0 = Debug|Any CPU
		{A15E3E46-6EF5-4809-B4BD-7B4872491B91}.Release|Any CPU.ActiveCfg = Release|Any CPU
		{A15E3E46-6EF5-4809-B4BD-7B4872491B91}.Release|Any CPU.Build.0 = Release|Any CPU
	EndGlobalSection
	GlobalSection(SolutionProperties) = preSolution
		HideSolutionNode = FALSE
	EndGlobalSection
EndGlobal
