
Microsoft Visual Studio Solution File, Format Version 12.00
# Visual Studio 14
VisualStudioVersion = 14.0.24720.0
MinimumVisualStudioVersion = 10.0.40219.1
Project("{FAE04EC0-301F-11D3-BF4B-00C04F79EFBC}") = "OrderForm", "OrderForm\OrderForm.csproj", "{24584F21-5F07-49EE-8DD3-445180E7EF72}"
EndProject
Project("{FAE04EC0-301F-11D3-BF4B-00C04F79EFBC}") = "ordertest", "ordertest\ordertest.csproj", "{766EAE82-0F4C-4954-A38B-6282FB8346F2}"
EndProject
Project("{FAE04EC0-301F-11D3-BF4B-00C04F79EFBC}") = "ordertestTests", "ordertestTests\ordertestTests.csproj", "{BDBA76B3-908D-48F5-ADA6-AF2EA35DDFA3}"
EndProject
Global
	GlobalSection(SolutionConfigurationPlatforms) = preSolution
		Debug|Any CPU = Debug|Any CPU
		Release|Any CPU = Release|Any CPU
	EndGlobalSection
	GlobalSection(ProjectConfigurationPlatforms) = postSolution
		{24584F21-5F07-49EE-8DD3-445180E7EF72}.Debug|Any CPU.ActiveCfg = Debug|Any CPU
		{24584F21-5F07-49EE-8DD3-445180E7EF72}.Debug|Any CPU.Build.0 = Debug|Any CPU
		{24584F21-5F07-49EE-8DD3-445180E7EF72}.Release|Any CPU.ActiveCfg = Release|Any CPU
		{24584F21-5F07-49EE-8DD3-445180E7EF72}.Release|Any CPU.Build.0 = Release|Any CPU
		{766EAE82-0F4C-4954-A38B-6282FB8346F2}.Debug|Any CPU.ActiveCfg = Debug|Any CPU
		{766EAE82-0F4C-4954-A38B-6282FB8346F2}.Debug|Any CPU.Build.0 = Debug|Any CPU
		{766EAE82-0F4C-4954-A38B-6282FB8346F2}.Release|Any CPU.ActiveCfg = Release|Any CPU
		{766EAE82-0F4C-4954-A38B-6282FB8346F2}.Release|Any CPU.Build.0 = Release|Any CPU
		{BDBA76B3-908D-48F5-ADA6-AF2EA35DDFA3}.Debug|Any CPU.ActiveCfg = Debug|Any CPU
		{BDBA76B3-908D-48F5-ADA6-AF2EA35DDFA3}.Debug|Any CPU.Build.0 = Debug|Any CPU
		{BDBA76B3-908D-48F5-ADA6-AF2EA35DDFA3}.Release|Any CPU.ActiveCfg = Release|Any CPU
		{BDBA76B3-908D-48F5-ADA6-AF2EA35DDFA3}.Release|Any CPU.Build.0 = Release|Any CPU
	EndGlobalSection
	GlobalSection(SolutionProperties) = preSolution
		HideSolutionNode = FALSE
	EndGlobalSection
EndGlobal
