
Microsoft Visual Studio Solution File, Format Version 12.00
# Visual Studio 14
VisualStudioVersion = 14.0.24720.0
MinimumVisualStudioVersion = 10.0.40219.1
Project("{FAE04EC0-301F-11D3-BF4B-00C04F79EFBC}") = "OrderForm", "OrderForm\OrderForm.csproj", "{2E3DC165-9C10-433A-AE82-B19F5166DDCD}"
EndProject
Project("{FAE04EC0-301F-11D3-BF4B-00C04F79EFBC}") = "ordertest", "ordertest\ordertest.csproj", "{053FF5E8-6218-4F5C-9FA6-BAFB86658DD0}"
EndProject
Project("{FAE04EC0-301F-11D3-BF4B-00C04F79EFBC}") = "ordertestTests", "ordertestTests\ordertestTests.csproj", "{31C673E0-3638-4E4F-A1BC-8DF723E57152}"
EndProject
Global
	GlobalSection(SolutionConfigurationPlatforms) = preSolution
		Debug|Any CPU = Debug|Any CPU
		Release|Any CPU = Release|Any CPU
	EndGlobalSection
	GlobalSection(ProjectConfigurationPlatforms) = postSolution
		{2E3DC165-9C10-433A-AE82-B19F5166DDCD}.Debug|Any CPU.ActiveCfg = Debug|Any CPU
		{2E3DC165-9C10-433A-AE82-B19F5166DDCD}.Debug|Any CPU.Build.0 = Debug|Any CPU
		{2E3DC165-9C10-433A-AE82-B19F5166DDCD}.Release|Any CPU.ActiveCfg = Release|Any CPU
		{2E3DC165-9C10-433A-AE82-B19F5166DDCD}.Release|Any CPU.Build.0 = Release|Any CPU
		{053FF5E8-6218-4F5C-9FA6-BAFB86658DD0}.Debug|Any CPU.ActiveCfg = Debug|Any CPU
		{053FF5E8-6218-4F5C-9FA6-BAFB86658DD0}.Debug|Any CPU.Build.0 = Debug|Any CPU
		{053FF5E8-6218-4F5C-9FA6-BAFB86658DD0}.Release|Any CPU.ActiveCfg = Release|Any CPU
		{053FF5E8-6218-4F5C-9FA6-BAFB86658DD0}.Release|Any CPU.Build.0 = Release|Any CPU
		{31C673E0-3638-4E4F-A1BC-8DF723E57152}.Debug|Any CPU.ActiveCfg = Debug|Any CPU
		{31C673E0-3638-4E4F-A1BC-8DF723E57152}.Debug|Any CPU.Build.0 = Debug|Any CPU
		{31C673E0-3638-4E4F-A1BC-8DF723E57152}.Release|Any CPU.ActiveCfg = Release|Any CPU
		{31C673E0-3638-4E4F-A1BC-8DF723E57152}.Release|Any CPU.Build.0 = Release|Any CPU
	EndGlobalSection
	GlobalSection(SolutionProperties) = preSolution
		HideSolutionNode = FALSE
	EndGlobalSection
EndGlobal
